
Microsoft Visual Studio Solution File, Format Version 12.00
# Visual Studio 15
VisualStudioVersion = 15.0.26403.7
MinimumVisualStudioVersion = 10.0.40219.1
Project("{FAE04EC0-301F-11D3-BF4B-00C04F79EFBC}") = "Churchplus_Records.Android", "Churchplus Records\Churchplus_Records.Android\Churchplus_Records.Android.csproj", "{B28F4CFA-2D06-4B16-B2B2-1A7BE1138D23}"
EndProject
Project("{FAE04EC0-301F-11D3-BF4B-00C04F79EFBC}") = "Churchplus_Records", "Churchplus Records\Churchplus_Records\Churchplus_Records.csproj", "{2B342A8A-EF0A-417E-BA20-69F06316C906}"
EndProject
Project("{FAE04EC0-301F-11D3-BF4B-00C04F79EFBC}") = "Churchplus_Records.UWP", "Churchplus Records\Churchplus_Records.UWP\Churchplus_Records.UWP.csproj", "{23F931F2-2D0D-41ED-A3B9-6166AEA7B69F}"
EndProject
Project("{FAE04EC0-301F-11D3-BF4B-00C04F79EFBC}") = "Churchplus_Records.iOS", "Churchplus Records\Churchplus_Records.iOS\Churchplus_Records.iOS.csproj", "{F4A25246-13BB-42E0-AE45-3091ACCFED05}"
EndProject
Global
	GlobalSection(SolutionConfigurationPlatforms) = preSolution
		Ad-Hoc|Any CPU = Ad-Hoc|Any CPU
		Ad-Hoc|ARM = Ad-Hoc|ARM
		Ad-Hoc|iPhone = Ad-Hoc|iPhone
		Ad-Hoc|iPhoneSimulator = Ad-Hoc|iPhoneSimulator
		Ad-Hoc|x64 = Ad-Hoc|x64
		Ad-Hoc|x86 = Ad-Hoc|x86
		AppStore|Any CPU = AppStore|Any CPU
		AppStore|ARM = AppStore|ARM
		AppStore|iPhone = AppStore|iPhone
		AppStore|iPhoneSimulator = AppStore|iPhoneSimulator
		AppStore|x64 = AppStore|x64
		AppStore|x86 = AppStore|x86
		Debug|Any CPU = Debug|Any CPU
		Debug|ARM = Debug|ARM
		Debug|iPhone = Debug|iPhone
		Debug|iPhoneSimulator = Debug|iPhoneSimulator
		Debug|x64 = Debug|x64
		Debug|x86 = Debug|x86
		Release|Any CPU = Release|Any CPU
		Release|ARM = Release|ARM
		Release|iPhone = Release|iPhone
		Release|iPhoneSimulator = Release|iPhoneSimulator
		Release|x64 = Release|x64
		Release|x86 = Release|x86
	EndGlobalSection
	GlobalSection(ProjectConfigurationPlatforms) = postSolution
		{B28F4CFA-2D06-4B16-B2B2-1A7BE1138D23}.Ad-Hoc|Any CPU.ActiveCfg = Release|Any CPU
		{B28F4CFA-2D06-4B16-B2B2-1A7BE1138D23}.Ad-Hoc|Any CPU.Build.0 = Release|Any CPU
		{B28F4CFA-2D06-4B16-B2B2-1A7BE1138D23}.Ad-Hoc|Any CPU.Deploy.0 = Release|Any CPU
		{B28F4CFA-2D06-4B16-B2B2-1A7BE1138D23}.Ad-Hoc|ARM.ActiveCfg = Release|Any CPU
		{B28F4CFA-2D06-4B16-B2B2-1A7BE1138D23}.Ad-Hoc|ARM.Build.0 = Release|Any CPU
		{B28F4CFA-2D06-4B16-B2B2-1A7BE1138D23}.Ad-Hoc|ARM.Deploy.0 = Release|Any CPU
		{B28F4CFA-2D06-4B16-B2B2-1A7BE1138D23}.Ad-Hoc|iPhone.ActiveCfg = Release|Any CPU
		{B28F4CFA-2D06-4B16-B2B2-1A7BE1138D23}.Ad-Hoc|iPhone.Build.0 = Release|Any CPU
		{B28F4CFA-2D06-4B16-B2B2-1A7BE1138D23}.Ad-Hoc|iPhone.Deploy.0 = Release|Any CPU
		{B28F4CFA-2D06-4B16-B2B2-1A7BE1138D23}.Ad-Hoc|iPhoneSimulator.ActiveCfg = Release|Any CPU
		{B28F4CFA-2D06-4B16-B2B2-1A7BE1138D23}.Ad-Hoc|iPhoneSimulator.Build.0 = Release|Any CPU
		{B28F4CFA-2D06-4B16-B2B2-1A7BE1138D23}.Ad-Hoc|iPhoneSimulator.Deploy.0 = Release|Any CPU
		{B28F4CFA-2D06-4B16-B2B2-1A7BE1138D23}.Ad-Hoc|x64.ActiveCfg = Release|Any CPU
		{B28F4CFA-2D06-4B16-B2B2-1A7BE1138D23}.Ad-Hoc|x64.Build.0 = Release|Any CPU
		{B28F4CFA-2D06-4B16-B2B2-1A7BE1138D23}.Ad-Hoc|x64.Deploy.0 = Release|Any CPU
		{B28F4CFA-2D06-4B16-B2B2-1A7BE1138D23}.Ad-Hoc|x86.ActiveCfg = Release|Any CPU
		{B28F4CFA-2D06-4B16-B2B2-1A7BE1138D23}.Ad-Hoc|x86.Build.0 = Release|Any CPU
		{B28F4CFA-2D06-4B16-B2B2-1A7BE1138D23}.Ad-Hoc|x86.Deploy.0 = Release|Any CPU
		{B28F4CFA-2D06-4B16-B2B2-1A7BE1138D23}.AppStore|Any CPU.ActiveCfg = Release|Any CPU
		{B28F4CFA-2D06-4B16-B2B2-1A7BE1138D23}.AppStore|Any CPU.Build.0 = Release|Any CPU
		{B28F4CFA-2D06-4B16-B2B2-1A7BE1138D23}.AppStore|Any CPU.Deploy.0 = Release|Any CPU
		{B28F4CFA-2D06-4B16-B2B2-1A7BE1138D23}.AppStore|ARM.ActiveCfg = Release|Any CPU
		{B28F4CFA-2D06-4B16-B2B2-1A7BE1138D23}.AppStore|ARM.Build.0 = Release|Any CPU
		{B28F4CFA-2D06-4B16-B2B2-1A7BE1138D23}.AppStore|ARM.Deploy.0 = Release|Any CPU
		{B28F4CFA-2D06-4B16-B2B2-1A7BE1138D23}.AppStore|iPhone.ActiveCfg = Release|Any CPU
		{B28F4CFA-2D06-4B16-B2B2-1A7BE1138D23}.AppStore|iPhone.Build.0 = Release|Any CPU
		{B28F4CFA-2D06-4B16-B2B2-1A7BE1138D23}.AppStore|iPhone.Deploy.0 = Release|Any CPU
		{B28F4CFA-2D06-4B16-B2B2-1A7BE1138D23}.AppStore|iPhoneSimulator.ActiveCfg = Release|Any CPU
		{B28F4CFA-2D06-4B16-B2B2-1A7BE1138D23}.AppStore|iPhoneSimulator.Build.0 = Release|Any CPU
		{B28F4CFA-2D06-4B16-B2B2-1A7BE1138D23}.AppStore|iPhoneSimulator.Deploy.0 = Release|Any CPU
		{B28F4CFA-2D06-4B16-B2B2-1A7BE1138D23}.AppStore|x64.ActiveCfg = Release|Any CPU
		{B28F4CFA-2D06-4B16-B2B2-1A7BE1138D23}.AppStore|x64.Build.0 = Release|Any CPU
		{B28F4CFA-2D06-4B16-B2B2-1A7BE1138D23}.AppStore|x64.Deploy.0 = Release|Any CPU
		{B28F4CFA-2D06-4B16-B2B2-1A7BE1138D23}.AppStore|x86.ActiveCfg = Release|Any CPU
		{B28F4CFA-2D06-4B16-B2B2-1A7BE1138D23}.AppStore|x86.Build.0 = Release|Any CPU
		{B28F4CFA-2D06-4B16-B2B2-1A7BE1138D23}.AppStore|x86.Deploy.0 = Release|Any CPU
		{B28F4CFA-2D06-4B16-B2B2-1A7BE1138D23}.Debug|Any CPU.ActiveCfg = Release|Any CPU
		{B28F4CFA-2D06-4B16-B2B2-1A7BE1138D23}.Debug|Any CPU.Build.0 = Release|Any CPU
		{B28F4CFA-2D06-4B16-B2B2-1A7BE1138D23}.Debug|Any CPU.Deploy.0 = Release|Any CPU
		{B28F4CFA-2D06-4B16-B2B2-1A7BE1138D23}.Debug|ARM.ActiveCfg = Debug|Any CPU
		{B28F4CFA-2D06-4B16-B2B2-1A7BE1138D23}.Debug|ARM.Build.0 = Debug|Any CPU
		{B28F4CFA-2D06-4B16-B2B2-1A7BE1138D23}.Debug|ARM.Deploy.0 = Debug|Any CPU
		{B28F4CFA-2D06-4B16-B2B2-1A7BE1138D23}.Debug|iPhone.ActiveCfg = Debug|Any CPU
		{B28F4CFA-2D06-4B16-B2B2-1A7BE1138D23}.Debug|iPhone.Build.0 = Debug|Any CPU
		{B28F4CFA-2D06-4B16-B2B2-1A7BE1138D23}.Debug|iPhone.Deploy.0 = Debug|Any CPU
		{B28F4CFA-2D06-4B16-B2B2-1A7BE1138D23}.Debug|iPhoneSimulator.ActiveCfg = Debug|Any CPU
		{B28F4CFA-2D06-4B16-B2B2-1A7BE1138D23}.Debug|iPhoneSimulator.Build.0 = Debug|Any CPU
		{B28F4CFA-2D06-4B16-B2B2-1A7BE1138D23}.Debug|iPhoneSimulator.Deploy.0 = Debug|Any CPU
		{B28F4CFA-2D06-4B16-B2B2-1A7BE1138D23}.Debug|x64.ActiveCfg = Debug|Any CPU
		{B28F4CFA-2D06-4B16-B2B2-1A7BE1138D23}.Debug|x64.Build.0 = Debug|Any CPU
		{B28F4CFA-2D06-4B16-B2B2-1A7BE1138D23}.Debug|x64.Deploy.0 = Debug|Any CPU
		{B28F4CFA-2D06-4B16-B2B2-1A7BE1138D23}.Debug|x86.ActiveCfg = Debug|Any CPU
		{B28F4CFA-2D06-4B16-B2B2-1A7BE1138D23}.Debug|x86.Build.0 = Debug|Any CPU
		{B28F4CFA-2D06-4B16-B2B2-1A7BE1138D23}.Debug|x86.Deploy.0 = Debug|Any CPU
		{B28F4CFA-2D06-4B16-B2B2-1A7BE1138D23}.Release|Any CPU.ActiveCfg = Release|Any CPU
		{B28F4CFA-2D06-4B16-B2B2-1A7BE1138D23}.Release|Any CPU.Build.0 = Release|Any CPU
		{B28F4CFA-2D06-4B16-B2B2-1A7BE1138D23}.Release|Any CPU.Deploy.0 = Release|Any CPU
		{B28F4CFA-2D06-4B16-B2B2-1A7BE1138D23}.Release|ARM.ActiveCfg = Release|Any CPU
		{B28F4CFA-2D06-4B16-B2B2-1A7BE1138D23}.Release|ARM.Build.0 = Release|Any CPU
		{B28F4CFA-2D06-4B16-B2B2-1A7BE1138D23}.Release|ARM.Deploy.0 = Release|Any CPU
		{B28F4CFA-2D06-4B16-B2B2-1A7BE1138D23}.Release|iPhone.ActiveCfg = Release|Any CPU
		{B28F4CFA-2D06-4B16-B2B2-1A7BE1138D23}.Release|iPhone.Build.0 = Release|Any CPU
		{B28F4CFA-2D06-4B16-B2B2-1A7BE1138D23}.Release|iPhone.Deploy.0 = Release|Any CPU
		{B28F4CFA-2D06-4B16-B2B2-1A7BE1138D23}.Release|iPhoneSimulator.ActiveCfg = Release|Any CPU
		{B28F4CFA-2D06-4B16-B2B2-1A7BE1138D23}.Release|iPhoneSimulator.Build.0 = Release|Any CPU
		{B28F4CFA-2D06-4B16-B2B2-1A7BE1138D23}.Release|iPhoneSimulator.Deploy.0 = Release|Any CPU
		{B28F4CFA-2D06-4B16-B2B2-1A7BE1138D23}.Release|x64.ActiveCfg = Release|Any CPU
		{B28F4CFA-2D06-4B16-B2B2-1A7BE1138D23}.Release|x64.Build.0 = Release|Any CPU
		{B28F4CFA-2D06-4B16-B2B2-1A7BE1138D23}.Release|x64.Deploy.0 = Release|Any CPU
		{B28F4CFA-2D06-4B16-B2B2-1A7BE1138D23}.Release|x86.ActiveCfg = Release|Any CPU
		{B28F4CFA-2D06-4B16-B2B2-1A7BE1138D23}.Release|x86.Build.0 = Release|Any CPU
		{B28F4CFA-2D06-4B16-B2B2-1A7BE1138D23}.Release|x86.Deploy.0 = Release|Any CPU
		{2B342A8A-EF0A-417E-BA20-69F06316C906}.Ad-Hoc|Any CPU.ActiveCfg = Release|Any CPU
		{2B342A8A-EF0A-417E-BA20-69F06316C906}.Ad-Hoc|Any CPU.Build.0 = Release|Any CPU
		{2B342A8A-EF0A-417E-BA20-69F06316C906}.Ad-Hoc|ARM.ActiveCfg = Release|Any CPU
		{2B342A8A-EF0A-417E-BA20-69F06316C906}.Ad-Hoc|ARM.Build.0 = Release|Any CPU
		{2B342A8A-EF0A-417E-BA20-69F06316C906}.Ad-Hoc|iPhone.ActiveCfg = Release|Any CPU
		{2B342A8A-EF0A-417E-BA20-69F06316C906}.Ad-Hoc|iPhone.Build.0 = Release|Any CPU
		{2B342A8A-EF0A-417E-BA20-69F06316C906}.Ad-Hoc|iPhoneSimulator.ActiveCfg = Release|Any CPU
		{2B342A8A-EF0A-417E-BA20-69F06316C906}.Ad-Hoc|iPhoneSimulator.Build.0 = Release|Any CPU
		{2B342A8A-EF0A-417E-BA20-69F06316C906}.Ad-Hoc|x64.ActiveCfg = Release|Any CPU
		{2B342A8A-EF0A-417E-BA20-69F06316C906}.Ad-Hoc|x64.Build.0 = Release|Any CPU
		{2B342A8A-EF0A-417E-BA20-69F06316C906}.Ad-Hoc|x86.ActiveCfg = Release|Any CPU
		{2B342A8A-EF0A-417E-BA20-69F06316C906}.Ad-Hoc|x86.Build.0 = Release|Any CPU
		{2B342A8A-EF0A-417E-BA20-69F06316C906}.AppStore|Any CPU.ActiveCfg = Release|Any CPU
		{2B342A8A-EF0A-417E-BA20-69F06316C906}.AppStore|Any CPU.Build.0 = Release|Any CPU
		{2B342A8A-EF0A-417E-BA20-69F06316C906}.AppStore|ARM.ActiveCfg = Release|Any CPU
		{2B342A8A-EF0A-417E-BA20-69F06316C906}.AppStore|ARM.Build.0 = Release|Any CPU
		{2B342A8A-EF0A-417E-BA20-69F06316C906}.AppStore|iPhone.ActiveCfg = Release|Any CPU
		{2B342A8A-EF0A-417E-BA20-69F06316C906}.AppStore|iPhone.Build.0 = Release|Any CPU
		{2B342A8A-EF0A-417E-BA20-69F06316C906}.AppStore|iPhoneSimulator.ActiveCfg = Release|Any CPU
		{2B342A8A-EF0A-417E-BA20-69F06316C906}.AppStore|iPhoneSimulator.Build.0 = Release|Any CPU
		{2B342A8A-EF0A-417E-BA20-69F06316C906}.AppStore|x64.ActiveCfg = Release|Any CPU
		{2B342A8A-EF0A-417E-BA20-69F06316C906}.AppStore|x64.Build.0 = Release|Any CPU
		{2B342A8A-EF0A-417E-BA20-69F06316C906}.AppStore|x86.ActiveCfg = Release|Any CPU
		{2B342A8A-EF0A-417E-BA20-69F06316C906}.AppStore|x86.Build.0 = Release|Any CPU
		{2B342A8A-EF0A-417E-BA20-69F06316C906}.Debug|Any CPU.ActiveCfg = Debug|Any CPU
		{2B342A8A-EF0A-417E-BA20-69F06316C906}.Debug|Any CPU.Build.0 = Debug|Any CPU
		{2B342A8A-EF0A-417E-BA20-69F06316C906}.Debug|ARM.ActiveCfg = Debug|Any CPU
		{2B342A8A-EF0A-417E-BA20-69F06316C906}.Debug|ARM.Build.0 = Debug|Any CPU
		{2B342A8A-EF0A-417E-BA20-69F06316C906}.Debug|iPhone.ActiveCfg = Debug|Any CPU
		{2B342A8A-EF0A-417E-BA20-69F06316C906}.Debug|iPhone.Build.0 = Debug|Any CPU
		{2B342A8A-EF0A-417E-BA20-69F06316C906}.Debug|iPhoneSimulator.ActiveCfg = Debug|Any CPU
		{2B342A8A-EF0A-417E-BA20-69F06316C906}.Debug|iPhoneSimulator.Build.0 = Debug|Any CPU
		{2B342A8A-EF0A-417E-BA20-69F06316C906}.Debug|x64.ActiveCfg = Debug|Any CPU
		{2B342A8A-EF0A-417E-BA20-69F06316C906}.Debug|x64.Build.0 = Debug|Any CPU
		{2B342A8A-EF0A-417E-BA20-69F06316C906}.Debug|x86.ActiveCfg = Debug|Any CPU
		{2B342A8A-EF0A-417E-BA20-69F06316C906}.Debug|x86.Build.0 = Debug|Any CPU
		{2B342A8A-EF0A-417E-BA20-69F06316C906}.Release|Any CPU.ActiveCfg = Release|Any CPU
		{2B342A8A-EF0A-417E-BA20-69F06316C906}.Release|Any CPU.Build.0 = Release|Any CPU
		{2B342A8A-EF0A-417E-BA20-69F06316C906}.Release|ARM.ActiveCfg = Release|Any CPU
		{2B342A8A-EF0A-417E-BA20-69F06316C906}.Release|ARM.Build.0 = Release|Any CPU
		{2B342A8A-EF0A-417E-BA20-69F06316C906}.Release|iPhone.ActiveCfg = Release|Any CPU
		{2B342A8A-EF0A-417E-BA20-69F06316C906}.Release|iPhone.Build.0 = Release|Any CPU
		{2B342A8A-EF0A-417E-BA20-69F06316C906}.Release|iPhoneSimulator.ActiveCfg = Release|Any CPU
		{2B342A8A-EF0A-417E-BA20-69F06316C906}.Release|iPhoneSimulator.Build.0 = Release|Any CPU
		{2B342A8A-EF0A-417E-BA20-69F06316C906}.Release|x64.ActiveCfg = Release|Any CPU
		{2B342A8A-EF0A-417E-BA20-69F06316C906}.Release|x64.Build.0 = Release|Any CPU
		{2B342A8A-EF0A-417E-BA20-69F06316C906}.Release|x86.ActiveCfg = Release|Any CPU
		{2B342A8A-EF0A-417E-BA20-69F06316C906}.Release|x86.Build.0 = Release|Any CPU
		{23F931F2-2D0D-41ED-A3B9-6166AEA7B69F}.Ad-Hoc|Any CPU.ActiveCfg = Release|x86
		{23F931F2-2D0D-41ED-A3B9-6166AEA7B69F}.Ad-Hoc|Any CPU.Build.0 = Release|x86
		{23F931F2-2D0D-41ED-A3B9-6166AEA7B69F}.Ad-Hoc|Any CPU.Deploy.0 = Release|x86
		{23F931F2-2D0D-41ED-A3B9-6166AEA7B69F}.Ad-Hoc|ARM.ActiveCfg = Release|ARM
		{23F931F2-2D0D-41ED-A3B9-6166AEA7B69F}.Ad-Hoc|ARM.Build.0 = Release|ARM
		{23F931F2-2D0D-41ED-A3B9-6166AEA7B69F}.Ad-Hoc|ARM.Deploy.0 = Release|ARM
		{23F931F2-2D0D-41ED-A3B9-6166AEA7B69F}.Ad-Hoc|iPhone.ActiveCfg = Release|x86
		{23F931F2-2D0D-41ED-A3B9-6166AEA7B69F}.Ad-Hoc|iPhone.Build.0 = Release|x86
		{23F931F2-2D0D-41ED-A3B9-6166AEA7B69F}.Ad-Hoc|iPhone.Deploy.0 = Release|x86
		{23F931F2-2D0D-41ED-A3B9-6166AEA7B69F}.Ad-Hoc|iPhoneSimulator.ActiveCfg = Release|x86
		{23F931F2-2D0D-41ED-A3B9-6166AEA7B69F}.Ad-Hoc|iPhoneSimulator.Build.0 = Release|x86
		{23F931F2-2D0D-41ED-A3B9-6166AEA7B69F}.Ad-Hoc|iPhoneSimulator.Deploy.0 = Release|x86
		{23F931F2-2D0D-41ED-A3B9-6166AEA7B69F}.Ad-Hoc|x64.ActiveCfg = Release|x64
		{23F931F2-2D0D-41ED-A3B9-6166AEA7B69F}.Ad-Hoc|x64.Build.0 = Release|x64
		{23F931F2-2D0D-41ED-A3B9-6166AEA7B69F}.Ad-Hoc|x64.Deploy.0 = Release|x64
		{23F931F2-2D0D-41ED-A3B9-6166AEA7B69F}.Ad-Hoc|x86.ActiveCfg = Release|x86
		{23F931F2-2D0D-41ED-A3B9-6166AEA7B69F}.Ad-Hoc|x86.Build.0 = Release|x86
		{23F931F2-2D0D-41ED-A3B9-6166AEA7B69F}.Ad-Hoc|x86.Deploy.0 = Release|x86
		{23F931F2-2D0D-41ED-A3B9-6166AEA7B69F}.AppStore|Any CPU.ActiveCfg = Release|x86
		{23F931F2-2D0D-41ED-A3B9-6166AEA7B69F}.AppStore|Any CPU.Build.0 = Release|x86
		{23F931F2-2D0D-41ED-A3B9-6166AEA7B69F}.AppStore|Any CPU.Deploy.0 = Release|x86
		{23F931F2-2D0D-41ED-A3B9-6166AEA7B69F}.AppStore|ARM.ActiveCfg = Release|ARM
		{23F931F2-2D0D-41ED-A3B9-6166AEA7B69F}.AppStore|ARM.Build.0 = Release|ARM
		{23F931F2-2D0D-41ED-A3B9-6166AEA7B69F}.AppStore|ARM.Deploy.0 = Release|ARM
		{23F931F2-2D0D-41ED-A3B9-6166AEA7B69F}.AppStore|iPhone.ActiveCfg = Release|x86
		{23F931F2-2D0D-41ED-A3B9-6166AEA7B69F}.AppStore|iPhone.Build.0 = Release|x86
		{23F931F2-2D0D-41ED-A3B9-6166AEA7B69F}.AppStore|iPhone.Deploy.0 = Release|x86
		{23F931F2-2D0D-41ED-A3B9-6166AEA7B69F}.AppStore|iPhoneSimulator.ActiveCfg = Release|x86
		{23F931F2-2D0D-41ED-A3B9-6166AEA7B69F}.AppStore|iPhoneSimulator.Build.0 = Release|x86
		{23F931F2-2D0D-41ED-A3B9-6166AEA7B69F}.AppStore|iPhoneSimulator.Deploy.0 = Release|x86
		{23F931F2-2D0D-41ED-A3B9-6166AEA7B69F}.AppStore|x64.ActiveCfg = Release|x64
		{23F931F2-2D0D-41ED-A3B9-6166AEA7B69F}.AppStore|x64.Build.0 = Release|x64
		{23F931F2-2D0D-41ED-A3B9-6166AEA7B69F}.AppStore|x64.Deploy.0 = Release|x64
		{23F931F2-2D0D-41ED-A3B9-6166AEA7B69F}.AppStore|x86.ActiveCfg = Release|x86
		{23F931F2-2D0D-41ED-A3B9-6166AEA7B69F}.AppStore|x86.Build.0 = Release|x86
		{23F931F2-2D0D-41ED-A3B9-6166AEA7B69F}.AppStore|x86.Deploy.0 = Release|x86
		{23F931F2-2D0D-41ED-A3B9-6166AEA7B69F}.Debug|Any CPU.ActiveCfg = Debug|x64
		{23F931F2-2D0D-41ED-A3B9-6166AEA7B69F}.Debug|Any CPU.Build.0 = Debug|x64
		{23F931F2-2D0D-41ED-A3B9-6166AEA7B69F}.Debug|Any CPU.Deploy.0 = Debug|x64
		{23F931F2-2D0D-41ED-A3B9-6166AEA7B69F}.Debug|ARM.ActiveCfg = Debug|ARM
		{23F931F2-2D0D-41ED-A3B9-6166AEA7B69F}.Debug|ARM.Build.0 = Debug|ARM
		{23F931F2-2D0D-41ED-A3B9-6166AEA7B69F}.Debug|ARM.Deploy.0 = Debug|ARM
		{23F931F2-2D0D-41ED-A3B9-6166AEA7B69F}.Debug|iPhone.ActiveCfg = Debug|x86
		{23F931F2-2D0D-41ED-A3B9-6166AEA7B69F}.Debug|iPhoneSimulator.ActiveCfg = Debug|x86
		{23F931F2-2D0D-41ED-A3B9-6166AEA7B69F}.Debug|x64.ActiveCfg = Debug|x64
		{23F931F2-2D0D-41ED-A3B9-6166AEA7B69F}.Debug|x64.Build.0 = Debug|x64
		{23F931F2-2D0D-41ED-A3B9-6166AEA7B69F}.Debug|x64.Deploy.0 = Debug|x64
		{23F931F2-2D0D-41ED-A3B9-6166AEA7B69F}.Debug|x86.ActiveCfg = Debug|x86
		{23F931F2-2D0D-41ED-A3B9-6166AEA7B69F}.Debug|x86.Build.0 = Debug|x86
		{23F931F2-2D0D-41ED-A3B9-6166AEA7B69F}.Debug|x86.Deploy.0 = Debug|x86
		{23F931F2-2D0D-41ED-A3B9-6166AEA7B69F}.Release|Any CPU.ActiveCfg = Release|x86
		{23F931F2-2D0D-41ED-A3B9-6166AEA7B69F}.Release|ARM.ActiveCfg = Release|ARM
		{23F931F2-2D0D-41ED-A3B9-6166AEA7B69F}.Release|ARM.Build.0 = Release|ARM
		{23F931F2-2D0D-41ED-A3B9-6166AEA7B69F}.Release|ARM.Deploy.0 = Release|ARM
		{23F931F2-2D0D-41ED-A3B9-6166AEA7B69F}.Release|iPhone.ActiveCfg = Release|x86
		{23F931F2-2D0D-41ED-A3B9-6166AEA7B69F}.Release|iPhoneSimulator.ActiveCfg = Release|x86
		{23F931F2-2D0D-41ED-A3B9-6166AEA7B69F}.Release|x64.ActiveCfg = Release|x64
		{23F931F2-2D0D-41ED-A3B9-6166AEA7B69F}.Release|x64.Build.0 = Release|x64
		{23F931F2-2D0D-41ED-A3B9-6166AEA7B69F}.Release|x64.Deploy.0 = Release|x64
		{23F931F2-2D0D-41ED-A3B9-6166AEA7B69F}.Release|x86.ActiveCfg = Release|x86
		{23F931F2-2D0D-41ED-A3B9-6166AEA7B69F}.Release|x86.Build.0 = Release|x86
		{23F931F2-2D0D-41ED-A3B9-6166AEA7B69F}.Release|x86.Deploy.0 = Release|x86
		{F4A25246-13BB-42E0-AE45-3091ACCFED05}.Ad-Hoc|Any CPU.ActiveCfg = Ad-Hoc|iPhone
		{F4A25246-13BB-42E0-AE45-3091ACCFED05}.Ad-Hoc|ARM.ActiveCfg = Ad-Hoc|iPhone
		{F4A25246-13BB-42E0-AE45-3091ACCFED05}.Ad-Hoc|iPhone.ActiveCfg = Ad-Hoc|iPhone
		{F4A25246-13BB-42E0-AE45-3091ACCFED05}.Ad-Hoc|iPhone.Build.0 = Ad-Hoc|iPhone
		{F4A25246-13BB-42E0-AE45-3091ACCFED05}.Ad-Hoc|iPhoneSimulator.ActiveCfg = Ad-Hoc|iPhoneSimulator
		{F4A25246-13BB-42E0-AE45-3091ACCFED05}.Ad-Hoc|iPhoneSimulator.Build.0 = Ad-Hoc|iPhoneSimulator
		{F4A25246-13BB-42E0-AE45-3091ACCFED05}.Ad-Hoc|x64.ActiveCfg = Ad-Hoc|iPhone
		{F4A25246-13BB-42E0-AE45-3091ACCFED05}.Ad-Hoc|x86.ActiveCfg = Ad-Hoc|iPhone
		{F4A25246-13BB-42E0-AE45-3091ACCFED05}.AppStore|Any CPU.ActiveCfg = AppStore|iPhone
		{F4A25246-13BB-42E0-AE45-3091ACCFED05}.AppStore|ARM.ActiveCfg = AppStore|iPhone
		{F4A25246-13BB-42E0-AE45-3091ACCFED05}.AppStore|iPhone.ActiveCfg = AppStore|iPhone
		{F4A25246-13BB-42E0-AE45-3091ACCFED05}.AppStore|iPhone.Build.0 = AppStore|iPhone
		{F4A25246-13BB-42E0-AE45-3091ACCFED05}.AppStore|iPhoneSimulator.ActiveCfg = AppStore|iPhoneSimulator
		{F4A25246-13BB-42E0-AE45-3091ACCFED05}.AppStore|iPhoneSimulator.Build.0 = AppStore|iPhoneSimulator
		{F4A25246-13BB-42E0-AE45-3091ACCFED05}.AppStore|x64.ActiveCfg = AppStore|iPhone
		{F4A25246-13BB-42E0-AE45-3091ACCFED05}.AppStore|x86.ActiveCfg = AppStore|iPhone
		{F4A25246-13BB-42E0-AE45-3091ACCFED05}.Debug|Any CPU.ActiveCfg = Debug|iPhone
		{F4A25246-13BB-42E0-AE45-3091ACCFED05}.Debug|Any CPU.Build.0 = Debug|iPhone
		{F4A25246-13BB-42E0-AE45-3091ACCFED05}.Debug|ARM.ActiveCfg = Debug|iPhone
		{F4A25246-13BB-42E0-AE45-3091ACCFED05}.Debug|iPhone.ActiveCfg = Debug|iPhone
		{F4A25246-13BB-42E0-AE45-3091ACCFED05}.Debug|iPhone.Build.0 = Debug|iPhone
		{F4A25246-13BB-42E0-AE45-3091ACCFED05}.Debug|iPhoneSimulator.ActiveCfg = Debug|iPhoneSimulator
		{F4A25246-13BB-42E0-AE45-3091ACCFED05}.Debug|iPhoneSimulator.Build.0 = Debug|iPhoneSimulator
		{F4A25246-13BB-42E0-AE45-3091ACCFED05}.Debug|x64.ActiveCfg = Debug|iPhone
		{F4A25246-13BB-42E0-AE45-3091ACCFED05}.Debug|x86.ActiveCfg = Debug|iPhone
		{F4A25246-13BB-42E0-AE45-3091ACCFED05}.Release|Any CPU.ActiveCfg = Release|iPhone
		{F4A25246-13BB-42E0-AE45-3091ACCFED05}.Release|ARM.ActiveCfg = Release|iPhone
		{F4A25246-13BB-42E0-AE45-3091ACCFED05}.Release|iPhone.ActiveCfg = Release|iPhone
		{F4A25246-13BB-42E0-AE45-3091ACCFED05}.Release|iPhone.Build.0 = Release|iPhone
		{F4A25246-13BB-42E0-AE45-3091ACCFED05}.Release|iPhoneSimulator.ActiveCfg = Release|iPhoneSimulator
		{F4A25246-13BB-42E0-AE45-3091ACCFED05}.Release|iPhoneSimulator.Build.0 = Release|iPhoneSimulator
		{F4A25246-13BB-42E0-AE45-3091ACCFED05}.Release|x64.ActiveCfg = Release|iPhone
		{F4A25246-13BB-42E0-AE45-3091ACCFED05}.Release|x86.ActiveCfg = Release|iPhone
	EndGlobalSection
	GlobalSection(SolutionProperties) = preSolution
		HideSolutionNode = FALSE
	EndGlobalSection
EndGlobal
